// !$*UTF8*$!
{
	archiveVersion = 1;
	classes = {
	};
	objectVersion = 50;
	objects = {

/* Begin PBXBuildFile section */
		14431524CE658A60DA67B6F3 /* Pods_LoginTests.framework in Frameworks */ = {isa = PBXBuildFile; fileRef = A72A6796DA88AEFD2F1443AC /* Pods_LoginTests.framework */; };
		5AC5B5A41AA0F013AA633651 /* Pods_Login.framework in Frameworks */ = {isa = PBXBuildFile; fileRef = A7338B73DCB07938B902A1CD /* Pods_Login.framework */; };
		DD196AD3E921F5676843A217 /* Pods_Login_LoginUITests.framework in Frameworks */ = {isa = PBXBuildFile; fileRef = 20FBB2075D5475C97156F2F5 /* Pods_Login_LoginUITests.framework */; };
		EF36382825A48114004D734B /* LoginApp.swift in Sources */ = {isa = PBXBuildFile; fileRef = EF36382725A48114004D734B /* LoginApp.swift */; };
		EF36382A25A48114004D734B /* ContentView.swift in Sources */ = {isa = PBXBuildFile; fileRef = EF36382925A48114004D734B /* ContentView.swift */; };
		EF36382C25A48114004D734B /* Assets.xcassets in Resources */ = {isa = PBXBuildFile; fileRef = EF36382B25A48114004D734B /* Assets.xcassets */; };
		EF36382F25A48114004D734B /* Preview Assets.xcassets in Resources */ = {isa = PBXBuildFile; fileRef = EF36382E25A48114004D734B /* Preview Assets.xcassets */; };
		EF36383A25A48114004D734B /* LoginTests.swift in Sources */ = {isa = PBXBuildFile; fileRef = EF36383925A48114004D734B /* LoginTests.swift */; };
		EF36384525A48114004D734B /* LoginUITests.swift in Sources */ = {isa = PBXBuildFile; fileRef = EF36384425A48114004D734B /* LoginUITests.swift */; };
		EF36385725A498A7004D734B /* Login.swift in Sources */ = {isa = PBXBuildFile; fileRef = EF36385625A498A7004D734B /* Login.swift */; };
		EF36385C25A498D0004D734B /* SignUp.swift in Sources */ = {isa = PBXBuildFile; fileRef = EF36385B25A498D0004D734B /* SignUp.swift */; };
		EF36386125A4E0D0004D734B /* ErrorView.swift in Sources */ = {isa = PBXBuildFile; fileRef = EF36386025A4E0D0004D734B /* ErrorView.swift */; };
		EF7BA9C425A5D541009BE579 /* GoogleService-Info.plist in Resources */ = {isa = PBXBuildFile; fileRef = EF7BA9C325A5D541009BE579 /* GoogleService-Info.plist */; };
/* End PBXBuildFile section */

/* Begin PBXContainerItemProxy section */
		EF36383625A48114004D734B /* PBXContainerItemProxy */ = {
			isa = PBXContainerItemProxy;
			containerPortal = EF36381C25A48114004D734B /* Project object */;
			proxyType = 1;
			remoteGlobalIDString = EF36382325A48114004D734B;
			remoteInfo = Login;
		};
		EF36384125A48114004D734B /* PBXContainerItemProxy */ = {
			isa = PBXContainerItemProxy;
			containerPortal = EF36381C25A48114004D734B /* Project object */;
			proxyType = 1;
			remoteGlobalIDString = EF36382325A48114004D734B;
			remoteInfo = Login;
		};
/* End PBXContainerItemProxy section */

/* Begin PBXFileReference section */
		01B0EA612076D1522A98AEEE /* Pods-LoginTests.debug.xcconfig */ = {isa = PBXFileReference; includeInIndex = 1; lastKnownFileType = text.xcconfig; name = "Pods-LoginTests.debug.xcconfig"; path = "Target Support Files/Pods-LoginTests/Pods-LoginTests.debug.xcconfig"; sourceTree = "<group>"; };
		20FBB2075D5475C97156F2F5 /* Pods_Login_LoginUITests.framework */ = {isa = PBXFileReference; explicitFileType = wrapper.framework; includeInIndex = 0; path = Pods_Login_LoginUITests.framework; sourceTree = BUILT_PRODUCTS_DIR; };
		3253C073E7F8BE888F556D8B /* Pods-Login-LoginUITests.debug.xcconfig */ = {isa = PBXFileReference; includeInIndex = 1; lastKnownFileType = text.xcconfig; name = "Pods-Login-LoginUITests.debug.xcconfig"; path = "Target Support Files/Pods-Login-LoginUITests/Pods-Login-LoginUITests.debug.xcconfig"; sourceTree = "<group>"; };
		6D580C75FA0F31A5562846B8 /* Pods-Login.debug.xcconfig */ = {isa = PBXFileReference; includeInIndex = 1; lastKnownFileType = text.xcconfig; name = "Pods-Login.debug.xcconfig"; path = "Target Support Files/Pods-Login/Pods-Login.debug.xcconfig"; sourceTree = "<group>"; };
		7D6C6C687CD1926F0003482E /* Pods-Login.release.xcconfig */ = {isa = PBXFileReference; includeInIndex = 1; lastKnownFileType = text.xcconfig; name = "Pods-Login.release.xcconfig"; path = "Target Support Files/Pods-Login/Pods-Login.release.xcconfig"; sourceTree = "<group>"; };
		A72A6796DA88AEFD2F1443AC /* Pods_LoginTests.framework */ = {isa = PBXFileReference; explicitFileType = wrapper.framework; includeInIndex = 0; path = Pods_LoginTests.framework; sourceTree = BUILT_PRODUCTS_DIR; };
		A7338B73DCB07938B902A1CD /* Pods_Login.framework */ = {isa = PBXFileReference; explicitFileType = wrapper.framework; includeInIndex = 0; path = Pods_Login.framework; sourceTree = BUILT_PRODUCTS_DIR; };
		C309CA4DCC315A0576BE8A7A /* Pods-Login-LoginUITests.release.xcconfig */ = {isa = PBXFileReference; includeInIndex = 1; lastKnownFileType = text.xcconfig; name = "Pods-Login-LoginUITests.release.xcconfig"; path = "Target Support Files/Pods-Login-LoginUITests/Pods-Login-LoginUITests.release.xcconfig"; sourceTree = "<group>"; };
		EF36382425A48114004D734B /* Login.app */ = {isa = PBXFileReference; explicitFileType = wrapper.application; includeInIndex = 0; path = Login.app; sourceTree = BUILT_PRODUCTS_DIR; };
		EF36382725A48114004D734B /* LoginApp.swift */ = {isa = PBXFileReference; lastKnownFileType = sourcecode.swift; path = LoginApp.swift; sourceTree = "<group>"; };
		EF36382925A48114004D734B /* ContentView.swift */ = {isa = PBXFileReference; lastKnownFileType = sourcecode.swift; path = ContentView.swift; sourceTree = "<group>"; };
		EF36382B25A48114004D734B /* Assets.xcassets */ = {isa = PBXFileReference; lastKnownFileType = folder.assetcatalog; path = Assets.xcassets; sourceTree = "<group>"; };
		EF36382E25A48114004D734B /* Preview Assets.xcassets */ = {isa = PBXFileReference; lastKnownFileType = folder.assetcatalog; path = "Preview Assets.xcassets"; sourceTree = "<group>"; };
		EF36383025A48114004D734B /* Info.plist */ = {isa = PBXFileReference; lastKnownFileType = text.plist.xml; path = Info.plist; sourceTree = "<group>"; };
		EF36383525A48114004D734B /* LoginTests.xctest */ = {isa = PBXFileReference; explicitFileType = wrapper.cfbundle; includeInIndex = 0; path = LoginTests.xctest; sourceTree = BUILT_PRODUCTS_DIR; };
		EF36383925A48114004D734B /* LoginTests.swift */ = {isa = PBXFileReference; lastKnownFileType = sourcecode.swift; path = LoginTests.swift; sourceTree = "<group>"; };
		EF36383B25A48114004D734B /* Info.plist */ = {isa = PBXFileReference; lastKnownFileType = text.plist.xml; path = Info.plist; sourceTree = "<group>"; };
		EF36384025A48114004D734B /* LoginUITests.xctest */ = {isa = PBXFileReference; explicitFileType = wrapper.cfbundle; includeInIndex = 0; path = LoginUITests.xctest; sourceTree = BUILT_PRODUCTS_DIR; };
		EF36384425A48114004D734B /* LoginUITests.swift */ = {isa = PBXFileReference; lastKnownFileType = sourcecode.swift; path = LoginUITests.swift; sourceTree = "<group>"; };
		EF36384625A48114004D734B /* Info.plist */ = {isa = PBXFileReference; lastKnownFileType = text.plist.xml; path = Info.plist; sourceTree = "<group>"; };
		EF36385625A498A7004D734B /* Login.swift */ = {isa = PBXFileReference; lastKnownFileType = sourcecode.swift; path = Login.swift; sourceTree = "<group>"; };
		EF36385B25A498D0004D734B /* SignUp.swift */ = {isa = PBXFileReference; lastKnownFileType = sourcecode.swift; path = SignUp.swift; sourceTree = "<group>"; };
		EF36386025A4E0D0004D734B /* ErrorView.swift */ = {isa = PBXFileReference; lastKnownFileType = sourcecode.swift; path = ErrorView.swift; sourceTree = "<group>"; };
		EF7BA9C325A5D541009BE579 /* GoogleService-Info.plist */ = {isa = PBXFileReference; fileEncoding = 4; lastKnownFileType = text.plist.xml; path = "GoogleService-Info.plist"; sourceTree = "<group>"; };
		F4C57F15F17094FB20FC3046 /* Pods-LoginTests.release.xcconfig */ = {isa = PBXFileReference; includeInIndex = 1; lastKnownFileType = text.xcconfig; name = "Pods-LoginTests.release.xcconfig"; path = "Target Support Files/Pods-LoginTests/Pods-LoginTests.release.xcconfig"; sourceTree = "<group>"; };
/* End PBXFileReference section */

/* Begin PBXFrameworksBuildPhase section */
		EF36382125A48114004D734B /* Frameworks */ = {
			isa = PBXFrameworksBuildPhase;
			buildActionMask = 2147483647;
			files = (
				5AC5B5A41AA0F013AA633651 /* Pods_Login.framework in Frameworks */,
			);
			runOnlyForDeploymentPostprocessing = 0;
		};
		EF36383225A48114004D734B /* Frameworks */ = {
			isa = PBXFrameworksBuildPhase;
			buildActionMask = 2147483647;
			files = (
				14431524CE658A60DA67B6F3 /* Pods_LoginTests.framework in Frameworks */,
			);
			runOnlyForDeploymentPostprocessing = 0;
		};
		EF36383D25A48114004D734B /* Frameworks */ = {
			isa = PBXFrameworksBuildPhase;
			buildActionMask = 2147483647;
			files = (
				DD196AD3E921F5676843A217 /* Pods_Login_LoginUITests.framework in Frameworks */,
			);
			runOnlyForDeploymentPostprocessing = 0;
		};
/* End PBXFrameworksBuildPhase section */

/* Begin PBXGroup section */
		92562339C85DC378A6ADFFBB /* Pods */ = {
			isa = PBXGroup;
			children = (
				6D580C75FA0F31A5562846B8 /* Pods-Login.debug.xcconfig */,
				7D6C6C687CD1926F0003482E /* Pods-Login.release.xcconfig */,
				3253C073E7F8BE888F556D8B /* Pods-Login-LoginUITests.debug.xcconfig */,
				C309CA4DCC315A0576BE8A7A /* Pods-Login-LoginUITests.release.xcconfig */,
				01B0EA612076D1522A98AEEE /* Pods-LoginTests.debug.xcconfig */,
				F4C57F15F17094FB20FC3046 /* Pods-LoginTests.release.xcconfig */,
			);
			name = Pods;
			path = Pods;
			sourceTree = "<group>";
		};
		CF9D21AF984EB11D0D5A9008 /* Frameworks */ = {
			isa = PBXGroup;
			children = (
				A7338B73DCB07938B902A1CD /* Pods_Login.framework */,
				20FBB2075D5475C97156F2F5 /* Pods_Login_LoginUITests.framework */,
				A72A6796DA88AEFD2F1443AC /* Pods_LoginTests.framework */,
			);
			name = Frameworks;
			sourceTree = "<group>";
		};
		EF36381B25A48114004D734B = {
			isa = PBXGroup;
			children = (
				EF36382625A48114004D734B /* Login */,
				EF36383825A48114004D734B /* LoginTests */,
				EF36384325A48114004D734B /* LoginUITests */,
				EF36382525A48114004D734B /* Products */,
				92562339C85DC378A6ADFFBB /* Pods */,
				CF9D21AF984EB11D0D5A9008 /* Frameworks */,
			);
			sourceTree = "<group>";
		};
		EF36382525A48114004D734B /* Products */ = {
			isa = PBXGroup;
			children = (
				EF36382425A48114004D734B /* Login.app */,
				EF36383525A48114004D734B /* LoginTests.xctest */,
				EF36384025A48114004D734B /* LoginUITests.xctest */,
			);
			name = Products;
			sourceTree = "<group>";
		};
		EF36382625A48114004D734B /* Login */ = {
			isa = PBXGroup;
			children = (
				EF7BA9C325A5D541009BE579 /* GoogleService-Info.plist */,
				EF36385525A49892004D734B /* View */,
				EF36382725A48114004D734B /* LoginApp.swift */,
				EF36382925A48114004D734B /* ContentView.swift */,
				EF36382B25A48114004D734B /* Assets.xcassets */,
				EF36383025A48114004D734B /* Info.plist */,
				EF36382D25A48114004D734B /* Preview Content */,
			);
			path = Login;
			sourceTree = "<group>";
		};
		EF36382D25A48114004D734B /* Preview Content */ = {
			isa = PBXGroup;
			children = (
				EF36382E25A48114004D734B /* Preview Assets.xcassets */,
			);
			path = "Preview Content";
			sourceTree = "<group>";
		};
		EF36383825A48114004D734B /* LoginTests */ = {
			isa = PBXGroup;
			children = (
				EF36383925A48114004D734B /* LoginTests.swift */,
				EF36383B25A48114004D734B /* Info.plist */,
			);
			path = LoginTests;
			sourceTree = "<group>";
		};
		EF36384325A48114004D734B /* LoginUITests */ = {
			isa = PBXGroup;
			children = (
				EF36384425A48114004D734B /* LoginUITests.swift */,
				EF36384625A48114004D734B /* Info.plist */,
			);
			path = LoginUITests;
			sourceTree = "<group>";
		};
		EF36385525A49892004D734B /* View */ = {
			isa = PBXGroup;
			children = (
				EF36385625A498A7004D734B /* Login.swift */,
				EF36385B25A498D0004D734B /* SignUp.swift */,
				EF36386025A4E0D0004D734B /* ErrorView.swift */,
			);
			path = View;
			sourceTree = "<group>";
		};
/* End PBXGroup section */

/* Begin PBXNativeTarget section */
		EF36382325A48114004D734B /* Login */ = {
			isa = PBXNativeTarget;
			buildConfigurationList = EF36384925A48114004D734B /* Build configuration list for PBXNativeTarget "Login" */;
			buildPhases = (
				E4E93DE1C8108971F1BBC9A0 /* [CP] Check Pods Manifest.lock */,
				EF36382025A48114004D734B /* Sources */,
				EF36382125A48114004D734B /* Frameworks */,
				EF36382225A48114004D734B /* Resources */,
				D72717010D01B07E72B3562B /* [CP] Embed Pods Frameworks */,
			);
			buildRules = (
			);
			dependencies = (
			);
			name = Login;
			productName = Login;
			productReference = EF36382425A48114004D734B /* Login.app */;
			productType = "com.apple.product-type.application";
		};
		EF36383425A48114004D734B /* LoginTests */ = {
			isa = PBXNativeTarget;
			buildConfigurationList = EF36384C25A48114004D734B /* Build configuration list for PBXNativeTarget "LoginTests" */;
			buildPhases = (
				A7651F38E6C1BED2583AB4A9 /* [CP] Check Pods Manifest.lock */,
				EF36383125A48114004D734B /* Sources */,
				EF36383225A48114004D734B /* Frameworks */,
				EF36383325A48114004D734B /* Resources */,
			);
			buildRules = (
			);
			dependencies = (
				EF36383725A48114004D734B /* PBXTargetDependency */,
			);
			name = LoginTests;
			productName = LoginTests;
			productReference = EF36383525A48114004D734B /* LoginTests.xctest */;
			productType = "com.apple.product-type.bundle.unit-test";
		};
		EF36383F25A48114004D734B /* LoginUITests */ = {
			isa = PBXNativeTarget;
			buildConfigurationList = EF36384F25A48114004D734B /* Build configuration list for PBXNativeTarget "LoginUITests" */;
			buildPhases = (
				AF629FC81ACB8A5FD7D94CD6 /* [CP] Check Pods Manifest.lock */,
				EF36383C25A48114004D734B /* Sources */,
				EF36383D25A48114004D734B /* Frameworks */,
				EF36383E25A48114004D734B /* Resources */,
				5D9C1C01B2290A9FCD941104 /* [CP] Embed Pods Frameworks */,
			);
			buildRules = (
			);
			dependencies = (
				EF36384225A48114004D734B /* PBXTargetDependency */,
			);
			name = LoginUITests;
			productName = LoginUITests;
			productReference = EF36384025A48114004D734B /* LoginUITests.xctest */;
			productType = "com.apple.product-type.bundle.ui-testing";
		};
/* End PBXNativeTarget section */

/* Begin PBXProject section */
		EF36381C25A48114004D734B /* Project object */ = {
			isa = PBXProject;
			attributes = {
				LastSwiftUpdateCheck = 1230;
				LastUpgradeCheck = 1230;
				TargetAttributes = {
					EF36382325A48114004D734B = {
						CreatedOnToolsVersion = 12.3;
					};
					EF36383425A48114004D734B = {
						CreatedOnToolsVersion = 12.3;
						TestTargetID = EF36382325A48114004D734B;
					};
					EF36383F25A48114004D734B = {
						CreatedOnToolsVersion = 12.3;
						TestTargetID = EF36382325A48114004D734B;
					};
				};
			};
			buildConfigurationList = EF36381F25A48114004D734B /* Build configuration list for PBXProject "Login" */;
			compatibilityVersion = "Xcode 9.3";
			developmentRegion = en;
			hasScannedForEncodings = 0;
			knownRegions = (
				en,
				Base,
			);
			mainGroup = EF36381B25A48114004D734B;
			productRefGroup = EF36382525A48114004D734B /* Products */;
			projectDirPath = "";
			projectRoot = "";
			targets = (
				EF36382325A48114004D734B /* Login */,
				EF36383425A48114004D734B /* LoginTests */,
				EF36383F25A48114004D734B /* LoginUITests */,
			);
		};
/* End PBXProject section */

/* Begin PBXResourcesBuildPhase section */
		EF36382225A48114004D734B /* Resources */ = {
			isa = PBXResourcesBuildPhase;
			buildActionMask = 2147483647;
			files = (
				EF36382F25A48114004D734B /* Preview Assets.xcassets in Resources */,
				EF7BA9C425A5D541009BE579 /* GoogleService-Info.plist in Resources */,
				EF36382C25A48114004D734B /* Assets.xcassets in Resources */,
			);
			runOnlyForDeploymentPostprocessing = 0;
		};
		EF36383325A48114004D734B /* Resources */ = {
			isa = PBXResourcesBuildPhase;
			buildActionMask = 2147483647;
			files = (
			);
			runOnlyForDeploymentPostprocessing = 0;
		};
		EF36383E25A48114004D734B /* Resources */ = {
			isa = PBXResourcesBuildPhase;
			buildActionMask = 2147483647;
			files = (
			);
			runOnlyForDeploymentPostprocessing = 0;
		};
/* End PBXResourcesBuildPhase section */

/* Begin PBXShellScriptBuildPhase section */
		5D9C1C01B2290A9FCD941104 /* [CP] Embed Pods Frameworks */ = {
			isa = PBXShellScriptBuildPhase;
			buildActionMask = 2147483647;
			files = (
			);
			inputFileListPaths = (
				"${PODS_ROOT}/Target Support Files/Pods-Login-LoginUITests/Pods-Login-LoginUITests-frameworks-${CONFIGURATION}-input-files.xcfilelist",
			);
			name = "[CP] Embed Pods Frameworks";
			outputFileListPaths = (
				"${PODS_ROOT}/Target Support Files/Pods-Login-LoginUITests/Pods-Login-LoginUITests-frameworks-${CONFIGURATION}-output-files.xcfilelist",
			);
			runOnlyForDeploymentPostprocessing = 0;
			shellPath = /bin/sh;
			shellScript = "\"${PODS_ROOT}/Target Support Files/Pods-Login-LoginUITests/Pods-Login-LoginUITests-frameworks.sh\"\n";
			showEnvVarsInLog = 0;
		};
		A7651F38E6C1BED2583AB4A9 /* [CP] Check Pods Manifest.lock */ = {
			isa = PBXShellScriptBuildPhase;
			buildActionMask = 2147483647;
			files = (
			);
			inputFileListPaths = (
			);
			inputPaths = (
				"${PODS_PODFILE_DIR_PATH}/Podfile.lock",
				"${PODS_ROOT}/Manifest.lock",
			);
			name = "[CP] Check Pods Manifest.lock";
			outputFileListPaths = (
			);
			outputPaths = (
				"$(DERIVED_FILE_DIR)/Pods-LoginTests-checkManifestLockResult.txt",
			);
			runOnlyForDeploymentPostprocessing = 0;
			shellPath = /bin/sh;
			shellScript = "diff \"${PODS_PODFILE_DIR_PATH}/Podfile.lock\" \"${PODS_ROOT}/Manifest.lock\" > /dev/null\nif [ $? != 0 ] ; then\n    # print error to STDERR\n    echo \"error: The sandbox is not in sync with the Podfile.lock. Run 'pod install' or update your CocoaPods installation.\" >&2\n    exit 1\nfi\n# This output is used by Xcode 'outputs' to avoid re-running this script phase.\necho \"SUCCESS\" > \"${SCRIPT_OUTPUT_FILE_0}\"\n";
			showEnvVarsInLog = 0;
		};
		AF629FC81ACB8A5FD7D94CD6 /* [CP] Check Pods Manifest.lock */ = {
			isa = PBXShellScriptBuildPhase;
			buildActionMask = 2147483647;
			files = (
			);
			inputFileListPaths = (
			);
			inputPaths = (
				"${PODS_PODFILE_DIR_PATH}/Podfile.lock",
				"${PODS_ROOT}/Manifest.lock",
			);
			name = "[CP] Check Pods Manifest.lock";
			outputFileListPaths = (
			);
			outputPaths = (
				"$(DERIVED_FILE_DIR)/Pods-Login-LoginUITests-checkManifestLockResult.txt",
			);
			runOnlyForDeploymentPostprocessing = 0;
			shellPath = /bin/sh;
			shellScript = "diff \"${PODS_PODFILE_DIR_PATH}/Podfile.lock\" \"${PODS_ROOT}/Manifest.lock\" > /dev/null\nif [ $? != 0 ] ; then\n    # print error to STDERR\n    echo \"error: The sandbox is not in sync with the Podfile.lock. Run 'pod install' or update your CocoaPods installation.\" >&2\n    exit 1\nfi\n# This output is used by Xcode 'outputs' to avoid re-running this script phase.\necho \"SUCCESS\" > \"${SCRIPT_OUTPUT_FILE_0}\"\n";
			showEnvVarsInLog = 0;
		};
		D72717010D01B07E72B3562B /* [CP] Embed Pods Frameworks */ = {
			isa = PBXShellScriptBuildPhase;
			buildActionMask = 2147483647;
			files = (
			);
			inputFileListPaths = (
				"${PODS_ROOT}/Target Support Files/Pods-Login/Pods-Login-frameworks-${CONFIGURATION}-input-files.xcfilelist",
			);
			name = "[CP] Embed Pods Frameworks";
			outputFileListPaths = (
				"${PODS_ROOT}/Target Support Files/Pods-Login/Pods-Login-frameworks-${CONFIGURATION}-output-files.xcfilelist",
			);
			runOnlyForDeploymentPostprocessing = 0;
			shellPath = /bin/sh;
			shellScript = "\"${PODS_ROOT}/Target Support Files/Pods-Login/Pods-Login-frameworks.sh\"\n";
			showEnvVarsInLog = 0;
		};
		E4E93DE1C8108971F1BBC9A0 /* [CP] Check Pods Manifest.lock */ = {
			isa = PBXShellScriptBuildPhase;
			buildActionMask = 2147483647;
			files = (
			);
			inputFileListPaths = (
			);
			inputPaths = (
				"${PODS_PODFILE_DIR_PATH}/Podfile.lock",
				"${PODS_ROOT}/Manifest.lock",
			);
			name = "[CP] Check Pods Manifest.lock";
			outputFileListPaths = (
			);
			outputPaths = (
				"$(DERIVED_FILE_DIR)/Pods-Login-checkManifestLockResult.txt",
			);
			runOnlyForDeploymentPostprocessing = 0;
			shellPath = /bin/sh;
			shellScript = "diff \"${PODS_PODFILE_DIR_PATH}/Podfile.lock\" \"${PODS_ROOT}/Manifest.lock\" > /dev/null\nif [ $? != 0 ] ; then\n    # print error to STDERR\n    echo \"error: The sandbox is not in sync with the Podfile.lock. Run 'pod install' or update your CocoaPods installation.\" >&2\n    exit 1\nfi\n# This output is used by Xcode 'outputs' to avoid re-running this script phase.\necho \"SUCCESS\" > \"${SCRIPT_OUTPUT_FILE_0}\"\n";
			showEnvVarsInLog = 0;
		};
/* End PBXShellScriptBuildPhase section */

/* Begin PBXSourcesBuildPhase section */
		EF36382025A48114004D734B /* Sources */ = {
			isa = PBXSourcesBuildPhase;
			buildActionMask = 2147483647;
			files = (
				EF36386125A4E0D0004D734B /* ErrorView.swift in Sources */,
				EF36385725A498A7004D734B /* Login.swift in Sources */,
				EF36385C25A498D0004D734B /* SignUp.swift in Sources */,
				EF36382A25A48114004D734B /* ContentView.swift in Sources */,
				EF36382825A48114004D734B /* LoginApp.swift in Sources */,
			);
			runOnlyForDeploymentPostprocessing = 0;
		};
		EF36383125A48114004D734B /* Sources */ = {
			isa = PBXSourcesBuildPhase;
			buildActionMask = 2147483647;
			files = (
				EF36383A25A48114004D734B /* LoginTests.swift in Sources */,
			);
			runOnlyForDeploymentPostprocessing = 0;
		};
		EF36383C25A48114004D734B /* Sources */ = {
			isa = PBXSourcesBuildPhase;
			buildActionMask = 2147483647;
			files = (
				EF36384525A48114004D734B /* LoginUITests.swift in Sources */,
			);
			runOnlyForDeploymentPostprocessing = 0;
		};
/* End PBXSourcesBuildPhase section */

/* Begin PBXTargetDependency section */
		EF36383725A48114004D734B /* PBXTargetDependency */ = {
			isa = PBXTargetDependency;
			target = EF36382325A48114004D734B /* Login */;
			targetProxy = EF36383625A48114004D734B /* PBXContainerItemProxy */;
		};
		EF36384225A48114004D734B /* PBXTargetDependency */ = {
			isa = PBXTargetDependency;
			target = EF36382325A48114004D734B /* Login */;
			targetProxy = EF36384125A48114004D734B /* PBXContainerItemProxy */;
		};
/* End PBXTargetDependency section */

/* Begin XCBuildConfiguration section */
		EF36384725A48114004D734B /* Debug */ = {
			isa = XCBuildConfiguration;
			buildSettings = {
				ALWAYS_SEARCH_USER_PATHS = NO;
				CLANG_ANALYZER_NONNULL = YES;
				CLANG_ANALYZER_NUMBER_OBJECT_CONVERSION = YES_AGGRESSIVE;
				CLANG_CXX_LANGUAGE_STANDARD = "gnu++14";
				CLANG_CXX_LIBRARY = "libc++";
				CLANG_ENABLE_MODULES = YES;
				CLANG_ENABLE_OBJC_ARC = YES;
				CLANG_ENABLE_OBJC_WEAK = YES;
				CLANG_WARN_BLOCK_CAPTURE_AUTORELEASING = YES;
				CLANG_WARN_BOOL_CONVERSION = YES;
				CLANG_WARN_COMMA = YES;
				CLANG_WARN_CONSTANT_CONVERSION = YES;
				CLANG_WARN_DEPRECATED_OBJC_IMPLEMENTATIONS = YES;
				CLANG_WARN_DIRECT_OBJC_ISA_USAGE = YES_ERROR;
				CLANG_WARN_DOCUMENTATION_COMMENTS = YES;
				CLANG_WARN_EMPTY_BODY = YES;
				CLANG_WARN_ENUM_CONVERSION = YES;
				CLANG_WARN_INFINITE_RECURSION = YES;
				CLANG_WARN_INT_CONVERSION = YES;
				CLANG_WARN_NON_LITERAL_NULL_CONVERSION = YES;
				CLANG_WARN_OBJC_IMPLICIT_RETAIN_SELF = YES;
				CLANG_WARN_OBJC_LITERAL_CONVERSION = YES;
				CLANG_WARN_OBJC_ROOT_CLASS = YES_ERROR;
				CLANG_WARN_QUOTED_INCLUDE_IN_FRAMEWORK_HEADER = YES;
				CLANG_WARN_RANGE_LOOP_ANALYSIS = YES;
				CLANG_WARN_STRICT_PROTOTYPES = YES;
				CLANG_WARN_SUSPICIOUS_MOVE = YES;
				CLANG_WARN_UNGUARDED_AVAILABILITY = YES_AGGRESSIVE;
				CLANG_WARN_UNREACHABLE_CODE = YES;
				CLANG_WARN__DUPLICATE_METHOD_MATCH = YES;
				COPY_PHASE_STRIP = NO;
				DEBUG_INFORMATION_FORMAT = dwarf;
				ENABLE_STRICT_OBJC_MSGSEND = YES;
				ENABLE_TESTABILITY = YES;
				GCC_C_LANGUAGE_STANDARD = gnu11;
				GCC_DYNAMIC_NO_PIC = NO;
				GCC_NO_COMMON_BLOCKS = YES;
				GCC_OPTIMIZATION_LEVEL = 0;
				GCC_PREPROCESSOR_DEFINITIONS = (
					"DEBUG=1",
					"$(inherited)",
				);
				GCC_WARN_64_TO_32_BIT_CONVERSION = YES;
				GCC_WARN_ABOUT_RETURN_TYPE = YES_ERROR;
				GCC_WARN_UNDECLARED_SELECTOR = YES;
				GCC_WARN_UNINITIALIZED_AUTOS = YES_AGGRESSIVE;
				GCC_WARN_UNUSED_FUNCTION = YES;
				GCC_WARN_UNUSED_VARIABLE = YES;
				IPHONEOS_DEPLOYMENT_TARGET = 14.3;
				MTL_ENABLE_DEBUG_INFO = INCLUDE_SOURCE;
				MTL_FAST_MATH = YES;
				ONLY_ACTIVE_ARCH = YES;
				SDKROOT = iphoneos;
				SWIFT_ACTIVE_COMPILATION_CONDITIONS = DEBUG;
				SWIFT_OPTIMIZATION_LEVEL = "-Onone";
			};
			name = Debug;
		};
		EF36384825A48114004D734B /* Release */ = {
			isa = XCBuildConfiguration;
			buildSettings = {
				ALWAYS_SEARCH_USER_PATHS = NO;
				CLANG_ANALYZER_NONNULL = YES;
				CLANG_ANALYZER_NUMBER_OBJECT_CONVERSION = YES_AGGRESSIVE;
				CLANG_CXX_LANGUAGE_STANDARD = "gnu++14";
				CLANG_CXX_LIBRARY = "libc++";
				CLANG_ENABLE_MODULES = YES;
				CLANG_ENABLE_OBJC_ARC = YES;
				CLANG_ENABLE_OBJC_WEAK = YES;
				CLANG_WARN_BLOCK_CAPTURE_AUTORELEASING = YES;
				CLANG_WARN_BOOL_CONVERSION = YES;
				CLANG_WARN_COMMA = YES;
				CLANG_WARN_CONSTANT_CONVERSION = YES;
				CLANG_WARN_DEPRECATED_OBJC_IMPLEMENTATIONS = YES;
				CLANG_WARN_DIRECT_OBJC_ISA_USAGE = YES_ERROR;
				CLANG_WARN_DOCUMENTATION_COMMENTS = YES;
				CLANG_WARN_EMPTY_BODY = YES;
				CLANG_WARN_ENUM_CONVERSION = YES;
				CLANG_WARN_INFINITE_RECURSION = YES;
				CLANG_WARN_INT_CONVERSION = YES;
				CLANG_WARN_NON_LITERAL_NULL_CONVERSION = YES;
				CLANG_WARN_OBJC_IMPLICIT_RETAIN_SELF = YES;
				CLANG_WARN_OBJC_LITERAL_CONVERSION = YES;
				CLANG_WARN_OBJC_ROOT_CLASS = YES_ERROR;
				CLANG_WARN_QUOTED_INCLUDE_IN_FRAMEWORK_HEADER = YES;
				CLANG_WARN_RANGE_LOOP_ANALYSIS = YES;
				CLANG_WARN_STRICT_PROTOTYPES = YES;
				CLANG_WARN_SUSPICIOUS_MOVE = YES;
				CLANG_WARN_UNGUARDED_AVAILABILITY = YES_AGGRESSIVE;
				CLANG_WARN_UNREACHABLE_CODE = YES;
				CLANG_WARN__DUPLICATE_METHOD_MATCH = YES;
				COPY_PHASE_STRIP = NO;
				DEBUG_INFORMATION_FORMAT = "dwarf-with-dsym";
				ENABLE_NS_ASSERTIONS = NO;
				ENABLE_STRICT_OBJC_MSGSEND = YES;
				GCC_C_LANGUAGE_STANDARD = gnu11;
				GCC_NO_COMMON_BLOCKS = YES;
				GCC_WARN_64_TO_32_BIT_CONVERSION = YES;
				GCC_WARN_ABOUT_RETURN_TYPE = YES_ERROR;
				GCC_WARN_UNDECLARED_SELECTOR = YES;
				GCC_WARN_UNINITIALIZED_AUTOS = YES_AGGRESSIVE;
				GCC_WARN_UNUSED_FUNCTION = YES;
				GCC_WARN_UNUSED_VARIABLE = YES;
				IPHONEOS_DEPLOYMENT_TARGET = 14.3;
				MTL_ENABLE_DEBUG_INFO = NO;
				MTL_FAST_MATH = YES;
				SDKROOT = iphoneos;
				SWIFT_COMPILATION_MODE = wholemodule;
				SWIFT_OPTIMIZATION_LEVEL = "-O";
				VALIDATE_PRODUCT = YES;
			};
			name = Release;
		};
		EF36384A25A48114004D734B /* Debug */ = {
			isa = XCBuildConfiguration;
			baseConfigurationReference = 6D580C75FA0F31A5562846B8 /* Pods-Login.debug.xcconfig */;
			buildSettings = {
				ASSETCATALOG_COMPILER_APPICON_NAME = AppIcon;
				ASSETCATALOG_COMPILER_GLOBAL_ACCENT_COLOR_NAME = AccentColor;
				CODE_SIGN_STYLE = Automatic;
				DEVELOPMENT_ASSET_PATHS = "\"Login/Preview Content\"";
				DEVELOPMENT_TEAM = 8LXXZXJ6N8;
				ENABLE_PREVIEWS = YES;
				INFOPLIST_FILE = Login/Info.plist;
				IPHONEOS_DEPLOYMENT_TARGET = 14.0;
				LD_RUNPATH_SEARCH_PATHS = (
					"$(inherited)",
					"@executable_path/Frameworks",
				);
				PRODUCT_BUNDLE_IDENTIFIER = iOSDeveloper.Login;
				PRODUCT_NAME = "$(TARGET_NAME)";
				SWIFT_VERSION = 5.0;
				TARGETED_DEVICE_FAMILY = "1,2";
			};
			name = Debug;
		};
		EF36384B25A48114004D734B /* Release */ = {
			isa = XCBuildConfiguration;
			baseConfigurationReference = 7D6C6C687CD1926F0003482E /* Pods-Login.release.xcconfig */;
			buildSettings = {
				ASSETCATALOG_COMPILER_APPICON_NAME = AppIcon;
				ASSETCATALOG_COMPILER_GLOBAL_ACCENT_COLOR_NAME = AccentColor;
				CODE_SIGN_STYLE = Automatic;
				DEVELOPMENT_ASSET_PATHS = "\"Login/Preview Content\"";
				DEVELOPMENT_TEAM = 8LXXZXJ6N8;
				ENABLE_PREVIEWS = YES;
				INFOPLIST_FILE = Login/Info.plist;
				IPHONEOS_DEPLOYMENT_TARGET = 14.0;
				LD_RUNPATH_SEARCH_PATHS = (
					"$(inherited)",
					"@executable_path/Frameworks",
				);
				PRODUCT_BUNDLE_IDENTIFIER = iOSDeveloper.Login;
				PRODUCT_NAME = "$(TARGET_NAME)";
				SWIFT_VERSION = 5.0;
				TARGETED_DEVICE_FAMILY = "1,2";
			};
			name = Release;
		};
		EF36384D25A48114004D734B /* Debug */ = {
			isa = XCBuildConfiguration;
			baseConfigurationReference = 01B0EA612076D1522A98AEEE /* Pods-LoginTests.debug.xcconfig */;
			buildSettings = {
				ALWAYS_EMBED_SWIFT_STANDARD_LIBRARIES = YES;
				BUNDLE_LOADER = "$(TEST_HOST)";
				CODE_SIGN_STYLE = Automatic;
				DEVELOPMENT_TEAM = 8LXXZXJ6N8;
				INFOPLIST_FILE = LoginTests/Info.plist;
				IPHONEOS_DEPLOYMENT_TARGET = 14.0;
				LD_RUNPATH_SEARCH_PATHS = (
					"$(inherited)",
					"@executable_path/Frameworks",
					"@loader_path/Frameworks",
				);
				PRODUCT_BUNDLE_IDENTIFIER = iOSDeveloper.LoginTests;
				PRODUCT_NAME = "$(TARGET_NAME)";
				SWIFT_VERSION = 5.0;
				TARGETED_DEVICE_FAMILY = "1,2";
				TEST_HOST = "$(BUILT_PRODUCTS_DIR)/Login.app/Login";
			};
			name = Debug;
		};
		EF36384E25A48114004D734B /* Release */ = {
			isa = XCBuildConfiguration;
			baseConfigurationReference = F4C57F15F17094FB20FC3046 /* Pods-LoginTests.release.xcconfig */;
			buildSettings = {
				ALWAYS_EMBED_SWIFT_STANDARD_LIBRARIES = YES;
				BUNDLE_LOADER = "$(TEST_HOST)";
				CODE_SIGN_STYLE = Automatic;
				DEVELOPMENT_TEAM = 8LXXZXJ6N8;
				INFOPLIST_FILE = LoginTests/Info.plist;
				IPHONEOS_DEPLOYMENT_TARGET = 14.0;
				LD_RUNPATH_SEARCH_PATHS = (
					"$(inherited)",
					"@executable_path/Frameworks",
					"@loader_path/Frameworks",
				);
				PRODUCT_BUNDLE_IDENTIFIER = iOSDeveloper.LoginTests;
				PRODUCT_NAME = "$(TARGET_NAME)";
				SWIFT_VERSION = 5.0;
				TARGETED_DEVICE_FAMILY = "1,2";
				TEST_HOST = "$(BUILT_PRODUCTS_DIR)/Login.app/Login";
			};
			name = Release;
		};
		EF36385025A48114004D734B /* Debug */ = {
			isa = XCBuildConfiguration;
			baseConfigurationReference = 3253C073E7F8BE888F556D8B /* Pods-Login-LoginUITests.debug.xcconfig */;
			buildSettings = {
				ALWAYS_EMBED_SWIFT_STANDARD_LIBRARIES = YES;
				CODE_SIGN_STYLE = Automatic;
				DEVELOPMENT_TEAM = 8LXXZXJ6N8;
				INFOPLIST_FILE = LoginUITests/Info.plist;
				LD_RUNPATH_SEARCH_PATHS = (
					"$(inherited)",
					"@executable_path/Frameworks",
					"@loader_path/Frameworks",
				);
				PRODUCT_BUNDLE_IDENTIFIER = iOSDeveloper.LoginUITests;
				PRODUCT_NAME = "$(TARGET_NAME)";
				SWIFT_VERSION = 5.0;
				TARGETED_DEVICE_FAMILY = "1,2";
				TEST_TARGET_NAME = Login;
			};
			name = Debug;
		};
		EF36385125A48114004D734B /* Release */ = {
			isa = XCBuildConfiguration;
			baseConfigurationReference = C309CA4DCC315A0576BE8A7A /* Pods-Login-LoginUITests.release.xcconfig */;
			buildSettings = {
				ALWAYS_EMBED_SWIFT_STANDARD_LIBRARIES = YES;
				CODE_SIGN_STYLE = Automatic;
				DEVELOPMENT_TEAM = 8LXXZXJ6N8;
				INFOPLIST_FILE = LoginUITests/Info.plist;
				LD_RUNPATH_SEARCH_PATHS = (
					"$(inherited)",
					"@executable_path/Frameworks",
					"@loader_path/Frameworks",
				);
				PRODUCT_BUNDLE_IDENTIFIER = iOSDeveloper.LoginUITests;
				PRODUCT_NAME = "$(TARGET_NAME)";
				SWIFT_VERSION = 5.0;
				TARGETED_DEVICE_FAMILY = "1,2";
				TEST_TARGET_NAME = Login;
			};
			name = Release;
		};
/* End XCBuildConfiguration section */

/* Begin XCConfigurationList section */
		EF36381F25A48114004D734B /* Build configuration list for PBXProject "Login" */ = {
			isa = XCConfigurationList;
			buildConfigurations = (
				EF36384725A48114004D734B /* Debug */,
				EF36384825A48114004D734B /* Release */,
			);
			defaultConfigurationIsVisible = 0;
			defaultConfigurationName = Release;
		};
		EF36384925A48114004D734B /* Build configuration list for PBXNativeTarget "Login" */ = {
			isa = XCConfigurationList;
			buildConfigurations = (
				EF36384A25A48114004D734B /* Debug */,
				EF36384B25A48114004D734B /* Release */,
			);
			defaultConfigurationIsVisible = 0;
			defaultConfigurationName = Release;
		};
		EF36384C25A48114004D734B /* Build configuration list for PBXNativeTarget "LoginTests" */ = {
			isa = XCConfigurationList;
			buildConfigurations = (
				EF36384D25A48114004D734B /* Debug */,
				EF36384E25A48114004D734B /* Release */,
			);
			defaultConfigurationIsVisible = 0;
			defaultConfigurationName = Release;
		};
		EF36384F25A48114004D734B /* Build configuration list for PBXNativeTarget "LoginUITests" */ = {
			isa = XCConfigurationList;
			buildConfigurations = (
				EF36385025A48114004D734B /* Debug */,
				EF36385125A48114004D734B /* Release */,
			);
			defaultConfigurationIsVisible = 0;
			defaultConfigurationName = Release;
		};
/* End XCConfigurationList section */
	};
	rootObject = EF36381C25A48114004D734B /* Project object */;
}
